
Microsoft Visual Studio Solution File, Format Version 12.00
# Visual Studio Version 16
VisualStudioVersion = 16.0.31605.320
MinimumVisualStudioVersion = 10.0.40219.1
Project("{9A19103F-16F7-4668-BE54-9A1E7A4F7556}") = "Agenda UTN", "Agenda UTN\Agenda UTN.csproj", "{5BBC1E88-3768-4300-867A-4106F044435E}"
EndProject
Global
	GlobalSection(SolutionConfigurationPlatforms) = preSolution
		Debug|Any CPU = Debug|Any CPU
		Release|Any CPU = Release|Any CPU
	EndGlobalSection
	GlobalSection(ProjectConfigurationPlatforms) = postSolution
		{5BBC1E88-3768-4300-867A-4106F044435E}.Debug|Any CPU.ActiveCfg = Debug|Any CPU
		{5BBC1E88-3768-4300-867A-4106F044435E}.Debug|Any CPU.Build.0 = Debug|Any CPU
		{5BBC1E88-3768-4300-867A-4106F044435E}.Release|Any CPU.ActiveCfg = Release|Any CPU
		{5BBC1E88-3768-4300-867A-4106F044435E}.Release|Any CPU.Build.0 = Release|Any CPU
	EndGlobalSection
	GlobalSection(SolutionProperties) = preSolution
		HideSolutionNode = FALSE
	EndGlobalSection
	GlobalSection(ExtensibilityGlobals) = postSolution
		SolutionGuid = {12E2DCBF-C393-42C0-AAC9-CDE0E6EDE304}
	EndGlobalSection
EndGlobal
